
Microsoft Visual Studio Solution File, Format Version 12.00
# Visual Studio 15
VisualStudioVersion = 15.0.28307.572
MinimumVisualStudioVersion = 10.0.40219.1
Project("{FAE04EC0-301F-11D3-BF4B-00C04F79EFBC}") = "ConsoleApp1_Task", "ConsoleApp1_Task\ConsoleApp1_Task.csproj", "{599AA542-D1A7-4B0F-8378-AF101295A444}"
EndProject
Global
	GlobalSection(SolutionConfigurationPlatforms) = preSolution
		Debug|Any CPU = Debug|Any CPU
		Release|Any CPU = Release|Any CPU
	EndGlobalSection
	GlobalSection(ProjectConfigurationPlatforms) = postSolution
		{599AA542-D1A7-4B0F-8378-AF101295A444}.Debug|Any CPU.ActiveCfg = Debug|Any CPU
		{599AA542-D1A7-4B0F-8378-AF101295A444}.Debug|Any CPU.Build.0 = Debug|Any CPU
		{599AA542-D1A7-4B0F-8378-AF101295A444}.Release|Any CPU.ActiveCfg = Release|Any CPU
		{599AA542-D1A7-4B0F-8378-AF101295A444}.Release|Any CPU.Build.0 = Release|Any CPU
	EndGlobalSection
	GlobalSection(SolutionProperties) = preSolution
		HideSolutionNode = FALSE
	EndGlobalSection
	GlobalSection(ExtensibilityGlobals) = postSolution
		SolutionGuid = {2D731256-7B38-425A-8BB6-DBC7334E3C61}
	EndGlobalSection
EndGlobal
